
Microsoft Visual Studio Solution File, Format Version 12.00
# Visual Studio 2013
VisualStudioVersion = 12.0.21005.1
MinimumVisualStudioVersion = 10.0.40219.1
Project("{FAE04EC0-301F-11D3-BF4B-00C04F79EFBC}") = "CQMacAnaly", "CQMacAnaly\CQMacAnaly.csproj", "{DD91D4ED-208E-4AEF-946C-26319B70C005}"
EndProject
Project("{FAE04EC0-301F-11D3-BF4B-00C04F79EFBC}") = "MacListen", "MacListen\MacListen.csproj", "{88594121-E2B3-44F2-9B6A-3B4B83781B37}"
EndProject
Global
	GlobalSection(SolutionConfigurationPlatforms) = preSolution
		Debug|Any CPU = Debug|Any CPU
		Release|Any CPU = Release|Any CPU
	EndGlobalSection
	GlobalSection(ProjectConfigurationPlatforms) = postSolution
		{DD91D4ED-208E-4AEF-946C-26319B70C005}.Debug|Any CPU.ActiveCfg = Debug|Any CPU
		{DD91D4ED-208E-4AEF-946C-26319B70C005}.Debug|Any CPU.Build.0 = Debug|Any CPU
		{DD91D4ED-208E-4AEF-946C-26319B70C005}.Release|Any CPU.ActiveCfg = Release|Any CPU
		{DD91D4ED-208E-4AEF-946C-26319B70C005}.Release|Any CPU.Build.0 = Release|Any CPU
		{88594121-E2B3-44F2-9B6A-3B4B83781B37}.Debug|Any CPU.ActiveCfg = Debug|Any CPU
		{88594121-E2B3-44F2-9B6A-3B4B83781B37}.Debug|Any CPU.Build.0 = Debug|Any CPU
		{88594121-E2B3-44F2-9B6A-3B4B83781B37}.Release|Any CPU.ActiveCfg = Release|Any CPU
		{88594121-E2B3-44F2-9B6A-3B4B83781B37}.Release|Any CPU.Build.0 = Release|Any CPU
	EndGlobalSection
	GlobalSection(SolutionProperties) = preSolution
		HideSolutionNode = FALSE
	EndGlobalSection
EndGlobal
